
Microsoft Visual Studio Solution File, Format Version 12.00
# Visual Studio Version 16
VisualStudioVersion = 16.0.28902.138
MinimumVisualStudioVersion = 10.0.40219.1
Project("{9A19103F-16F7-4668-BE54-9A1E7A4F7556}") = "BlazorPizza.Server", "BlazorPizza.Server\BlazorPizza.Server.csproj", "{287354AC-0F90-4EB6-B673-8C61A2C805FC}"
EndProject
Project("{9A19103F-16F7-4668-BE54-9A1E7A4F7556}") = "BlazorPizza.Client", "BlazorPizza.Client\BlazorPizza.Client.csproj", "{919F8C2B-4103-4000-BCBE-81BC920F66BD}"
EndProject
Project("{9A19103F-16F7-4668-BE54-9A1E7A4F7556}") = "BlazorPizza.Shared", "BlazorPizza.Shared\BlazorPizza.Shared.csproj", "{A10AB129-9303-4B99-AF75-2C16B070F193}"
EndProject
Project("{9A19103F-16F7-4668-BE54-9A1E7A4F7556}") = "BlazorPizza.ComponentsLibrary", "BlazorPizza.ComponentsLibrary\BlazorPizza.ComponentsLibrary.csproj", "{78F31618-C1F7-45F2-8136-38CE9E1FAB80}"
EndProject
Project("{FAE04EC0-301F-11D3-BF4B-00C04F79EFBC}") = "BlazorComponents", "BlazingComponents\BlazorComponents.csproj", "{A4C3C26C-554F-414C-B1E3-A2CF3CAA3719}"
EndProject
Global
	GlobalSection(SolutionConfigurationPlatforms) = preSolution
		Debug|Any CPU = Debug|Any CPU
		Release|Any CPU = Release|Any CPU
	EndGlobalSection
	GlobalSection(ProjectConfigurationPlatforms) = postSolution
		{287354AC-0F90-4EB6-B673-8C61A2C805FC}.Debug|Any CPU.ActiveCfg = Debug|Any CPU
		{287354AC-0F90-4EB6-B673-8C61A2C805FC}.Debug|Any CPU.Build.0 = Debug|Any CPU
		{287354AC-0F90-4EB6-B673-8C61A2C805FC}.Release|Any CPU.ActiveCfg = Release|Any CPU
		{287354AC-0F90-4EB6-B673-8C61A2C805FC}.Release|Any CPU.Build.0 = Release|Any CPU
		{919F8C2B-4103-4000-BCBE-81BC920F66BD}.Debug|Any CPU.ActiveCfg = Debug|Any CPU
		{919F8C2B-4103-4000-BCBE-81BC920F66BD}.Debug|Any CPU.Build.0 = Debug|Any CPU
		{919F8C2B-4103-4000-BCBE-81BC920F66BD}.Release|Any CPU.ActiveCfg = Release|Any CPU
		{919F8C2B-4103-4000-BCBE-81BC920F66BD}.Release|Any CPU.Build.0 = Release|Any CPU
		{A10AB129-9303-4B99-AF75-2C16B070F193}.Debug|Any CPU.ActiveCfg = Debug|Any CPU
		{A10AB129-9303-4B99-AF75-2C16B070F193}.Debug|Any CPU.Build.0 = Debug|Any CPU
		{A10AB129-9303-4B99-AF75-2C16B070F193}.Release|Any CPU.ActiveCfg = Release|Any CPU
		{A10AB129-9303-4B99-AF75-2C16B070F193}.Release|Any CPU.Build.0 = Release|Any CPU
		{78F31618-C1F7-45F2-8136-38CE9E1FAB80}.Debug|Any CPU.ActiveCfg = Debug|Any CPU
		{78F31618-C1F7-45F2-8136-38CE9E1FAB80}.Debug|Any CPU.Build.0 = Debug|Any CPU
		{78F31618-C1F7-45F2-8136-38CE9E1FAB80}.Release|Any CPU.ActiveCfg = Release|Any CPU
		{78F31618-C1F7-45F2-8136-38CE9E1FAB80}.Release|Any CPU.Build.0 = Release|Any CPU
		{A4C3C26C-554F-414C-B1E3-A2CF3CAA3719}.Debug|Any CPU.ActiveCfg = Debug|Any CPU
		{A4C3C26C-554F-414C-B1E3-A2CF3CAA3719}.Debug|Any CPU.Build.0 = Debug|Any CPU
		{A4C3C26C-554F-414C-B1E3-A2CF3CAA3719}.Release|Any CPU.ActiveCfg = Release|Any CPU
		{A4C3C26C-554F-414C-B1E3-A2CF3CAA3719}.Release|Any CPU.Build.0 = Release|Any CPU
	EndGlobalSection
	GlobalSection(SolutionProperties) = preSolution
		HideSolutionNode = FALSE
	EndGlobalSection
	GlobalSection(ExtensibilityGlobals) = postSolution
		SolutionGuid = {7114B713-B3F2-4BCA-8023-5B58D1D2B5DF}
	EndGlobalSection
EndGlobal
